
Microsoft Visual Studio Solution File, Format Version 12.00
# Visual Studio 2013
VisualStudioVersion = 12.0.31101.0
MinimumVisualStudioVersion = 10.0.40219.1
Project("{2150E333-8FDC-42A3-9474-1A3956D46DE8}") = "Online Portal", "Online Portal", "{C84040E4-44F2-4B89-B441-67A9A5ED2DC1}"
EndProject
Project("{2150E333-8FDC-42A3-9474-1A3956D46DE8}") = "Online Payment System", "Online Payment System", "{28DB75EC-1F3E-43F5-A50C-0FE7AE584FA3}"
EndProject
Project("{2150E333-8FDC-42A3-9474-1A3956D46DE8}") = "Messaging Services", "Messaging Services", "{AE759A5D-7C40-4BE9-9D4E-B34273828553}"
EndProject
Project("{2150E333-8FDC-42A3-9474-1A3956D46DE8}") = "External System Services", "External System Services", "{72273B49-5BB6-4872-B339-936C29197685}"
EndProject
Project("{FAE04EC0-301F-11D3-BF4B-00C04F79EFBC}") = "AES.UniversalBank.External.CICS", "AES.UniversalBank.External.CICS\AES.UniversalBank.External.CICS.csproj", "{E5029AA3-5D1C-4E51-A9D9-9FB9749EE875}"
EndProject
Project("{FAE04EC0-301F-11D3-BF4B-00C04F79EFBC}") = "AES.UniversalBank.External.Loans", "AES.UniversalBank.External.Loans\AES.UniversalBank.External.Loans.csproj", "{C2DB8AC5-F1C0-4350-9887-FB13FE31FC73}"
EndProject
Project("{FAE04EC0-301F-11D3-BF4B-00C04F79EFBC}") = "AES.UniversalBank.Common.Entities", "AES.UniversalBank.Common.Entities\AES.UniversalBank.Common.Entities.csproj", "{465FAFA4-B92C-415E-8882-E585AC7216D1}"
EndProject
Project("{2150E333-8FDC-42A3-9474-1A3956D46DE8}") = "Common", "Common", "{B208ED00-6F49-4035-9D62-33853C8C1E9B}"
EndProject
Project("{FAE04EC0-301F-11D3-BF4B-00C04F79EFBC}") = "AES.UniversalBank.External.Directory", "AES.UniversalBank.External.Directory\AES.UniversalBank.External.Directory.csproj", "{050B8A00-18D0-4399-A5D3-49F7D5F8F1DE}"
EndProject
Project("{FAE04EC0-301F-11D3-BF4B-00C04F79EFBC}") = "AES.UniversalBank.Payments.Service", "AES.UniversalBank.Payments.Service\AES.UniversalBank.Payments.Service.csproj", "{FACE98AF-B4D0-40BB-999E-DF3CA4E545C1}"
EndProject
Project("{FAE04EC0-301F-11D3-BF4B-00C04F79EFBC}") = "AES.UniversalBank.Payments.Processor", "AES.UniversalBank.Payments.Processor\AES.UniversalBank.Payments.Processor.csproj", "{DA6151CD-57D8-424E-8152-782EC1677865}"
EndProject
Project("{FAE04EC0-301F-11D3-BF4B-00C04F79EFBC}") = "AES.UniversalBank.Payments.Data", "AES.UniversalBank.Payments.Data\AES.UniversalBank.Payments.Data.csproj", "{2BC8A6A0-24B7-4C25-B672-0CAF1872CDE4}"
EndProject
Project("{FAE04EC0-301F-11D3-BF4B-00C04F79EFBC}") = "AES.UniversalBank.Payments.BusinessLogic", "AES.UniversalBank.Payments.BusinessLogic\AES.UniversalBank.Payments.BusinessLogic.csproj", "{2EB4ECDD-1C34-4B97-BA91-A63DB656536B}"
EndProject
Project("{FAE04EC0-301F-11D3-BF4B-00C04F79EFBC}") = "AES.UniversalBank.Portal.Web", "AES.UniversalBank.Portal.Web\AES.UniversalBank.Portal.Web.csproj", "{5022F945-78E1-4198-B38F-DDFD3CA0D584}"
EndProject
Project("{FAE04EC0-301F-11D3-BF4B-00C04F79EFBC}") = "AES.UniversalBank.Portal.BusinessLogic", "AES.UniversalBank.Portal.BusinessLogic\AES.UniversalBank.Portal.BusinessLogic.csproj", "{D0FD9771-23A3-4656-838C-24ACDF31C271}"
EndProject
Project("{FAE04EC0-301F-11D3-BF4B-00C04F79EFBC}") = "AES.UniversalBank.Portal.Authentication", "AES.UniversalBank.Portal.Authentication\AES.UniversalBank.Portal.Authentication.csproj", "{149063E5-92FD-48BC-ABC9-4B4C93DC9515}"
EndProject
Project("{FAE04EC0-301F-11D3-BF4B-00C04F79EFBC}") = "AES.UniversalBank.Portal.BusinessLogic.Impl", "AES.UniversalBank.Portal.BusinessLogic.Impl\AES.UniversalBank.Portal.BusinessLogic.Impl.csproj", "{CDFC4954-FFD9-494C-BEB7-AC652716B237}"
EndProject
Project("{FAE04EC0-301F-11D3-BF4B-00C04F79EFBC}") = "AES.UniversalBank.Portal.Authentication.Impl", "AES.UniversalBank.Portal.Authentication.Impl\AES.UniversalBank.Portal.Authentication.Impl.csproj", "{A0BC934E-B635-4112-A273-660672F4DBA0}"
EndProject
Global
	GlobalSection(SolutionConfigurationPlatforms) = preSolution
		Debug|Any CPU = Debug|Any CPU
		Release|Any CPU = Release|Any CPU
	EndGlobalSection
	GlobalSection(ProjectConfigurationPlatforms) = postSolution
		{E5029AA3-5D1C-4E51-A9D9-9FB9749EE875}.Debug|Any CPU.ActiveCfg = Debug|Any CPU
		{E5029AA3-5D1C-4E51-A9D9-9FB9749EE875}.Debug|Any CPU.Build.0 = Debug|Any CPU
		{E5029AA3-5D1C-4E51-A9D9-9FB9749EE875}.Release|Any CPU.ActiveCfg = Release|Any CPU
		{E5029AA3-5D1C-4E51-A9D9-9FB9749EE875}.Release|Any CPU.Build.0 = Release|Any CPU
		{C2DB8AC5-F1C0-4350-9887-FB13FE31FC73}.Debug|Any CPU.ActiveCfg = Debug|Any CPU
		{C2DB8AC5-F1C0-4350-9887-FB13FE31FC73}.Debug|Any CPU.Build.0 = Debug|Any CPU
		{C2DB8AC5-F1C0-4350-9887-FB13FE31FC73}.Release|Any CPU.ActiveCfg = Release|Any CPU
		{C2DB8AC5-F1C0-4350-9887-FB13FE31FC73}.Release|Any CPU.Build.0 = Release|Any CPU
		{465FAFA4-B92C-415E-8882-E585AC7216D1}.Debug|Any CPU.ActiveCfg = Debug|Any CPU
		{465FAFA4-B92C-415E-8882-E585AC7216D1}.Debug|Any CPU.Build.0 = Debug|Any CPU
		{465FAFA4-B92C-415E-8882-E585AC7216D1}.Release|Any CPU.ActiveCfg = Release|Any CPU
		{465FAFA4-B92C-415E-8882-E585AC7216D1}.Release|Any CPU.Build.0 = Release|Any CPU
		{050B8A00-18D0-4399-A5D3-49F7D5F8F1DE}.Debug|Any CPU.ActiveCfg = Debug|Any CPU
		{050B8A00-18D0-4399-A5D3-49F7D5F8F1DE}.Debug|Any CPU.Build.0 = Debug|Any CPU
		{050B8A00-18D0-4399-A5D3-49F7D5F8F1DE}.Release|Any CPU.ActiveCfg = Release|Any CPU
		{050B8A00-18D0-4399-A5D3-49F7D5F8F1DE}.Release|Any CPU.Build.0 = Release|Any CPU
		{FACE98AF-B4D0-40BB-999E-DF3CA4E545C1}.Debug|Any CPU.ActiveCfg = Debug|Any CPU
		{FACE98AF-B4D0-40BB-999E-DF3CA4E545C1}.Debug|Any CPU.Build.0 = Debug|Any CPU
		{FACE98AF-B4D0-40BB-999E-DF3CA4E545C1}.Release|Any CPU.ActiveCfg = Release|Any CPU
		{FACE98AF-B4D0-40BB-999E-DF3CA4E545C1}.Release|Any CPU.Build.0 = Release|Any CPU
		{DA6151CD-57D8-424E-8152-782EC1677865}.Debug|Any CPU.ActiveCfg = Debug|Any CPU
		{DA6151CD-57D8-424E-8152-782EC1677865}.Debug|Any CPU.Build.0 = Debug|Any CPU
		{DA6151CD-57D8-424E-8152-782EC1677865}.Release|Any CPU.ActiveCfg = Release|Any CPU
		{DA6151CD-57D8-424E-8152-782EC1677865}.Release|Any CPU.Build.0 = Release|Any CPU
		{2BC8A6A0-24B7-4C25-B672-0CAF1872CDE4}.Debug|Any CPU.ActiveCfg = Debug|Any CPU
		{2BC8A6A0-24B7-4C25-B672-0CAF1872CDE4}.Debug|Any CPU.Build.0 = Debug|Any CPU
		{2BC8A6A0-24B7-4C25-B672-0CAF1872CDE4}.Release|Any CPU.ActiveCfg = Release|Any CPU
		{2BC8A6A0-24B7-4C25-B672-0CAF1872CDE4}.Release|Any CPU.Build.0 = Release|Any CPU
		{2EB4ECDD-1C34-4B97-BA91-A63DB656536B}.Debug|Any CPU.ActiveCfg = Debug|Any CPU
		{2EB4ECDD-1C34-4B97-BA91-A63DB656536B}.Debug|Any CPU.Build.0 = Debug|Any CPU
		{2EB4ECDD-1C34-4B97-BA91-A63DB656536B}.Release|Any CPU.ActiveCfg = Release|Any CPU
		{2EB4ECDD-1C34-4B97-BA91-A63DB656536B}.Release|Any CPU.Build.0 = Release|Any CPU
		{5022F945-78E1-4198-B38F-DDFD3CA0D584}.Debug|Any CPU.ActiveCfg = Debug|Any CPU
		{5022F945-78E1-4198-B38F-DDFD3CA0D584}.Debug|Any CPU.Build.0 = Debug|Any CPU
		{5022F945-78E1-4198-B38F-DDFD3CA0D584}.Release|Any CPU.ActiveCfg = Release|Any CPU
		{5022F945-78E1-4198-B38F-DDFD3CA0D584}.Release|Any CPU.Build.0 = Release|Any CPU
		{D0FD9771-23A3-4656-838C-24ACDF31C271}.Debug|Any CPU.ActiveCfg = Debug|Any CPU
		{D0FD9771-23A3-4656-838C-24ACDF31C271}.Debug|Any CPU.Build.0 = Debug|Any CPU
		{D0FD9771-23A3-4656-838C-24ACDF31C271}.Release|Any CPU.ActiveCfg = Release|Any CPU
		{D0FD9771-23A3-4656-838C-24ACDF31C271}.Release|Any CPU.Build.0 = Release|Any CPU
		{149063E5-92FD-48BC-ABC9-4B4C93DC9515}.Debug|Any CPU.ActiveCfg = Debug|Any CPU
		{149063E5-92FD-48BC-ABC9-4B4C93DC9515}.Debug|Any CPU.Build.0 = Debug|Any CPU
		{149063E5-92FD-48BC-ABC9-4B4C93DC9515}.Release|Any CPU.ActiveCfg = Release|Any CPU
		{149063E5-92FD-48BC-ABC9-4B4C93DC9515}.Release|Any CPU.Build.0 = Release|Any CPU
		{CDFC4954-FFD9-494C-BEB7-AC652716B237}.Debug|Any CPU.ActiveCfg = Debug|Any CPU
		{CDFC4954-FFD9-494C-BEB7-AC652716B237}.Debug|Any CPU.Build.0 = Debug|Any CPU
		{CDFC4954-FFD9-494C-BEB7-AC652716B237}.Release|Any CPU.ActiveCfg = Release|Any CPU
		{CDFC4954-FFD9-494C-BEB7-AC652716B237}.Release|Any CPU.Build.0 = Release|Any CPU
		{A0BC934E-B635-4112-A273-660672F4DBA0}.Debug|Any CPU.ActiveCfg = Debug|Any CPU
		{A0BC934E-B635-4112-A273-660672F4DBA0}.Debug|Any CPU.Build.0 = Debug|Any CPU
		{A0BC934E-B635-4112-A273-660672F4DBA0}.Release|Any CPU.ActiveCfg = Release|Any CPU
		{A0BC934E-B635-4112-A273-660672F4DBA0}.Release|Any CPU.Build.0 = Release|Any CPU
	EndGlobalSection
	GlobalSection(SolutionProperties) = preSolution
		HideSolutionNode = FALSE
	EndGlobalSection
	GlobalSection(NestedProjects) = preSolution
		{E5029AA3-5D1C-4E51-A9D9-9FB9749EE875} = {72273B49-5BB6-4872-B339-936C29197685}
		{C2DB8AC5-F1C0-4350-9887-FB13FE31FC73} = {72273B49-5BB6-4872-B339-936C29197685}
		{465FAFA4-B92C-415E-8882-E585AC7216D1} = {B208ED00-6F49-4035-9D62-33853C8C1E9B}
		{050B8A00-18D0-4399-A5D3-49F7D5F8F1DE} = {72273B49-5BB6-4872-B339-936C29197685}
		{FACE98AF-B4D0-40BB-999E-DF3CA4E545C1} = {28DB75EC-1F3E-43F5-A50C-0FE7AE584FA3}
		{DA6151CD-57D8-424E-8152-782EC1677865} = {28DB75EC-1F3E-43F5-A50C-0FE7AE584FA3}
		{2BC8A6A0-24B7-4C25-B672-0CAF1872CDE4} = {28DB75EC-1F3E-43F5-A50C-0FE7AE584FA3}
		{2EB4ECDD-1C34-4B97-BA91-A63DB656536B} = {28DB75EC-1F3E-43F5-A50C-0FE7AE584FA3}
		{5022F945-78E1-4198-B38F-DDFD3CA0D584} = {C84040E4-44F2-4B89-B441-67A9A5ED2DC1}
		{D0FD9771-23A3-4656-838C-24ACDF31C271} = {C84040E4-44F2-4B89-B441-67A9A5ED2DC1}
		{149063E5-92FD-48BC-ABC9-4B4C93DC9515} = {C84040E4-44F2-4B89-B441-67A9A5ED2DC1}
		{CDFC4954-FFD9-494C-BEB7-AC652716B237} = {C84040E4-44F2-4B89-B441-67A9A5ED2DC1}
		{A0BC934E-B635-4112-A273-660672F4DBA0} = {C84040E4-44F2-4B89-B441-67A9A5ED2DC1}
	EndGlobalSection
EndGlobal
