
Microsoft Visual Studio Solution File, Format Version 12.00
# Visual Studio 2013
VisualStudioVersion = 12.0.31101.0
MinimumVisualStudioVersion = 10.0.40219.1
Project("{2150E333-8FDC-42A3-9474-1A3956D46DE8}") = "Online Portal", "Online Portal", "{C84040E4-44F2-4B89-B441-67A9A5ED2DC1}"
EndProject
Project("{2150E333-8FDC-42A3-9474-1A3956D46DE8}") = "Online Payment System", "Online Payment System", "{28DB75EC-1F3E-43F5-A50C-0FE7AE584FA3}"
EndProject
Project("{2150E333-8FDC-42A3-9474-1A3956D46DE8}") = "Messaging Services", "Messaging Services", "{AE759A5D-7C40-4BE9-9D4E-B34273828553}"
EndProject
Project("{2150E333-8FDC-42A3-9474-1A3956D46DE8}") = "External System Services", "External System Services", "{72273B49-5BB6-4872-B339-936C29197685}"
EndProject
Project("{FAE04EC0-301F-11D3-BF4B-00C04F79EFBC}") = "AES.UniversalBank.External.CICS", "AES.UniversalBank.External.CICS\AES.UniversalBank.External.CICS.csproj", "{E5029AA3-5D1C-4E51-A9D9-9FB9749EE875}"
EndProject
Project("{FAE04EC0-301F-11D3-BF4B-00C04F79EFBC}") = "AES.UniversalBank.External.Loans", "AES.UniversalBank.External.Loans\AES.UniversalBank.External.Loans.csproj", "{C2DB8AC5-F1C0-4350-9887-FB13FE31FC73}"
EndProject
Project("{FAE04EC0-301F-11D3-BF4B-00C04F79EFBC}") = "AES.UniversalBank.Common.Entities", "AES.UniversalBank.Common.Entities\AES.UniversalBank.Common.Entities.csproj", "{465FAFA4-B92C-415E-8882-E585AC7216D1}"
EndProject
Project("{2150E333-8FDC-42A3-9474-1A3956D46DE8}") = "Common", "Common", "{B208ED00-6F49-4035-9D62-33853C8C1E9B}"
EndProject
Project("{FAE04EC0-301F-11D3-BF4B-00C04F79EFBC}") = "AES.UniversalBank.Payments.Data", "AES.UniversalBank.Payments.Data\AES.UniversalBank.Payments.Data.csproj", "{2BC8A6A0-24B7-4C25-B672-0CAF1872CDE4}"
EndProject
Project("{FAE04EC0-301F-11D3-BF4B-00C04F79EFBC}") = "AES.UniversalBank.Payments.BusinessLogic", "AES.UniversalBank.Payments.BusinessLogic\AES.UniversalBank.Payments.BusinessLogic.csproj", "{2EB4ECDD-1C34-4B97-BA91-A63DB656536B}"
EndProject
Project("{FAE04EC0-301F-11D3-BF4B-00C04F79EFBC}") = "AES.UniversalBank.Portal.Web", "AES.UniversalBank.Portal.Web\AES.UniversalBank.Portal.Web.csproj", "{5022F945-78E1-4198-B38F-DDFD3CA0D584}"
EndProject
Project("{FAE04EC0-301F-11D3-BF4B-00C04F79EFBC}") = "AES.UniversalBank.Portal.BusinessLogic", "AES.UniversalBank.Portal.BusinessLogic\AES.UniversalBank.Portal.BusinessLogic.csproj", "{D0FD9771-23A3-4656-838C-24ACDF31C271}"
EndProject
Project("{FAE04EC0-301F-11D3-BF4B-00C04F79EFBC}") = "AES.UniversalBank.Portal.Authentication", "AES.UniversalBank.Portal.Authentication\AES.UniversalBank.Portal.Authentication.csproj", "{149063E5-92FD-48BC-ABC9-4B4C93DC9515}"
EndProject
Project("{FAE04EC0-301F-11D3-BF4B-00C04F79EFBC}") = "AES.UniversalBank.Portal.BusinessLogic.Impl", "AES.UniversalBank.Portal.BusinessLogic.Impl\AES.UniversalBank.Portal.BusinessLogic.Impl.csproj", "{CDFC4954-FFD9-494C-BEB7-AC652716B237}"
EndProject
Project("{FAE04EC0-301F-11D3-BF4B-00C04F79EFBC}") = "AES.UniversalBank.Portal.Authentication.Impl", "AES.UniversalBank.Portal.Authentication.Impl\AES.UniversalBank.Portal.Authentication.Impl.csproj", "{A0BC934E-B635-4112-A273-660672F4DBA0}"
EndProject
Project("{FAE04EC0-301F-11D3-BF4B-00C04F79EFBC}") = "AES.UniversalBank.Messaging.BrokerSchemas", "AES.UniversalBank.Messaging.BrokerSchemas\AES.UniversalBank.Messaging.BrokerSchemas.btproj", "{A0DA25D5-2D0C-4906-984A-0DD7663F68D6}"
EndProject
Project("{2150E333-8FDC-42A3-9474-1A3956D46DE8}") = "Utils", "Utils", "{873AEA76-0665-45ED-BD66-F7ACA9327720}"
EndProject
Project("{FAE04EC0-301F-11D3-BF4B-00C04F79EFBC}") = "AES.Utils.MasterSlave", "AES.Utils.MasterSlave\AES.Utils.MasterSlave.csproj", "{909EE4F1-A85C-4094-A622-94C4E56E227B}"
EndProject
Project("{FAE04EC0-301F-11D3-BF4B-00C04F79EFBC}") = "AES.UniversalBank.Messaging.Broker", "AES.UniversalBank.Messaging.Broker\AES.UniversalBank.Messaging.Broker.csproj", "{BC2C8CA4-EC68-4C65-974E-EDDA3AD6748E}"
EndProject
Project("{FAE04EC0-301F-11D3-BF4B-00C04F79EFBC}") = "AES.UniversalBank.Messaging.Broker.Impl", "AES.UniversalBank.Messaging.Broker.Impl\AES.UniversalBank.Messaging.Broker.Impl.csproj", "{965BC932-0482-4C04-A225-BCA6B936984E}"
EndProject
Project("{FAE04EC0-301F-11D3-BF4B-00C04F79EFBC}") = "AES.UniversalBank.Messaging.BrokerService", "AES.UniversalBank.Messaging.BrokerService\AES.UniversalBank.Messaging.BrokerService.csproj", "{AD0B3B3A-D5DD-4795-B567-780F88E2FB42}"
EndProject
Project("{FAE04EC0-301F-11D3-BF4B-00C04F79EFBC}") = "AES.UniversalBank.Common.Trace", "AES.UniversalBank.Common.Trace\AES.UniversalBank.Common.Trace.csproj", "{752E8BEF-BC56-4755-9F61-D5989F73A126}"
EndProject
Project("{FAE04EC0-301F-11D3-BF4B-00C04F79EFBC}") = "AES.UniversalBank.External.CICS.Service", "AES.UniversalBank.External.CICS.Service\AES.UniversalBank.External.CICS.Service.csproj", "{491855B7-BCE9-45C3-BDB2-FF96B546DB93}"
EndProject
Project("{FAE04EC0-301F-11D3-BF4B-00C04F79EFBC}") = "AES.UniversalBank.External.Loans.Service", "AES.UniversalBank.External.Loans.Service\AES.UniversalBank.External.Loans.Service.csproj", "{93170010-5AC6-43EC-96B5-0E5DE53B8838}"
EndProject
Project("{2150E333-8FDC-42A3-9474-1A3956D46DE8}") = "External Providers", "External Providers", "{13AB582C-45A9-4D66-90B4-16DFFF640FB5}"
EndProject
Project("{FAE04EC0-301F-11D3-BF4B-00C04F79EFBC}") = "AES.UniversalBankCRM", "AES.UniversalBankCRM\AES.UniversalBankCRM.csproj", "{CFCD65F5-00AB-455B-B4D5-61BF812303C2}"
EndProject
Project("{FAE04EC0-301F-11D3-BF4B-00C04F79EFBC}") = "AES.UniversalBankCRM.Service", "AES.UniversalBankCRM.Service\AES.UniversalBankCRM.Service.csproj", "{0D7F40AF-38A6-471D-B382-9625D5465C01}"
EndProject
Project("{FAE04EC0-301F-11D3-BF4B-00C04F79EFBC}") = "AES.UniversalBank.Payments.Service", "AES.UniversalBank.Payments.Service\AES.UniversalBank.Payments.Service.csproj", "{D9B816BB-8F66-4DDD-9D8E-DDC3159941E6}"
EndProject
Project("{FAE04EC0-301F-11D3-BF4B-00C04F79EFBC}") = "AES.UniversalBank.Payments.BusinessLogic.Impl", "AES.UniversalBank.Payments.BusinessLogic.Impl\AES.UniversalBank.Payments.BusinessLogic.Impl.csproj", "{B0BB4769-7F2B-461F-88E9-4FC1FDB6229A}"
EndProject
Project("{FAE04EC0-301F-11D3-BF4B-00C04F79EFBC}") = "AES.UniversalBank.Messaging.BrokerProcess", "AES.UniversalBank.Messaging.BrokerProcess\AES.UniversalBank.Messaging.BrokerProcess.btproj", "{55A250F3-9295-4BAE-872C-E70635E446A4}"
EndProject
Project("{FAE04EC0-301F-11D3-BF4B-00C04F79EFBC}") = "AES.UniversalBank.Messaging.PaymentSchemas", "AES.UniversalBank.Messaging.PaymentSchemas\AES.UniversalBank.Messaging.PaymentSchemas.btproj", "{3645AEEE-54C2-4BA4-B1A5-501FFD01EE48}"
EndProject
Project("{FAE04EC0-301F-11D3-BF4B-00C04F79EFBC}") = "AES.UniversalBank.Messaging.PaymentProcess", "AES.UniversalBank.Messaging.PaymentProcess\AES.UniversalBank.Messaging.PaymentProcess.btproj", "{1B11D466-269F-45C0-AFA3-A446632B1E17}"
EndProject
Project("{FAE04EC0-301F-11D3-BF4B-00C04F79EFBC}") = "AES.UniversalBank.Messaging.PaymentTranslator", "AES.UniversalBank.Messaging.PaymentTranslator\AES.UniversalBank.Messaging.PaymentTranslator.btproj", "{534F0073-6C37-4108-8647-EB3066CACFC9}"
EndProject
Global
	GlobalSection(SolutionConfigurationPlatforms) = preSolution
		Debug|Any CPU = Debug|Any CPU
		Release|Any CPU = Release|Any CPU
	EndGlobalSection
	GlobalSection(ProjectConfigurationPlatforms) = postSolution
		{E5029AA3-5D1C-4E51-A9D9-9FB9749EE875}.Debug|Any CPU.ActiveCfg = Debug|Any CPU
		{E5029AA3-5D1C-4E51-A9D9-9FB9749EE875}.Debug|Any CPU.Build.0 = Debug|Any CPU
		{E5029AA3-5D1C-4E51-A9D9-9FB9749EE875}.Release|Any CPU.ActiveCfg = Release|Any CPU
		{E5029AA3-5D1C-4E51-A9D9-9FB9749EE875}.Release|Any CPU.Build.0 = Release|Any CPU
		{C2DB8AC5-F1C0-4350-9887-FB13FE31FC73}.Debug|Any CPU.ActiveCfg = Debug|Any CPU
		{C2DB8AC5-F1C0-4350-9887-FB13FE31FC73}.Debug|Any CPU.Build.0 = Debug|Any CPU
		{C2DB8AC5-F1C0-4350-9887-FB13FE31FC73}.Release|Any CPU.ActiveCfg = Release|Any CPU
		{C2DB8AC5-F1C0-4350-9887-FB13FE31FC73}.Release|Any CPU.Build.0 = Release|Any CPU
		{465FAFA4-B92C-415E-8882-E585AC7216D1}.Debug|Any CPU.ActiveCfg = Debug|Any CPU
		{465FAFA4-B92C-415E-8882-E585AC7216D1}.Debug|Any CPU.Build.0 = Debug|Any CPU
		{465FAFA4-B92C-415E-8882-E585AC7216D1}.Release|Any CPU.ActiveCfg = Release|Any CPU
		{465FAFA4-B92C-415E-8882-E585AC7216D1}.Release|Any CPU.Build.0 = Release|Any CPU
		{2BC8A6A0-24B7-4C25-B672-0CAF1872CDE4}.Debug|Any CPU.ActiveCfg = Debug|Any CPU
		{2BC8A6A0-24B7-4C25-B672-0CAF1872CDE4}.Debug|Any CPU.Build.0 = Debug|Any CPU
		{2BC8A6A0-24B7-4C25-B672-0CAF1872CDE4}.Release|Any CPU.ActiveCfg = Release|Any CPU
		{2BC8A6A0-24B7-4C25-B672-0CAF1872CDE4}.Release|Any CPU.Build.0 = Release|Any CPU
		{2EB4ECDD-1C34-4B97-BA91-A63DB656536B}.Debug|Any CPU.ActiveCfg = Debug|Any CPU
		{2EB4ECDD-1C34-4B97-BA91-A63DB656536B}.Debug|Any CPU.Build.0 = Debug|Any CPU
		{2EB4ECDD-1C34-4B97-BA91-A63DB656536B}.Release|Any CPU.ActiveCfg = Release|Any CPU
		{2EB4ECDD-1C34-4B97-BA91-A63DB656536B}.Release|Any CPU.Build.0 = Release|Any CPU
		{5022F945-78E1-4198-B38F-DDFD3CA0D584}.Debug|Any CPU.ActiveCfg = Debug|Any CPU
		{5022F945-78E1-4198-B38F-DDFD3CA0D584}.Debug|Any CPU.Build.0 = Debug|Any CPU
		{5022F945-78E1-4198-B38F-DDFD3CA0D584}.Release|Any CPU.ActiveCfg = Release|Any CPU
		{5022F945-78E1-4198-B38F-DDFD3CA0D584}.Release|Any CPU.Build.0 = Release|Any CPU
		{D0FD9771-23A3-4656-838C-24ACDF31C271}.Debug|Any CPU.ActiveCfg = Debug|Any CPU
		{D0FD9771-23A3-4656-838C-24ACDF31C271}.Debug|Any CPU.Build.0 = Debug|Any CPU
		{D0FD9771-23A3-4656-838C-24ACDF31C271}.Release|Any CPU.ActiveCfg = Release|Any CPU
		{D0FD9771-23A3-4656-838C-24ACDF31C271}.Release|Any CPU.Build.0 = Release|Any CPU
		{149063E5-92FD-48BC-ABC9-4B4C93DC9515}.Debug|Any CPU.ActiveCfg = Debug|Any CPU
		{149063E5-92FD-48BC-ABC9-4B4C93DC9515}.Debug|Any CPU.Build.0 = Debug|Any CPU
		{149063E5-92FD-48BC-ABC9-4B4C93DC9515}.Release|Any CPU.ActiveCfg = Release|Any CPU
		{149063E5-92FD-48BC-ABC9-4B4C93DC9515}.Release|Any CPU.Build.0 = Release|Any CPU
		{CDFC4954-FFD9-494C-BEB7-AC652716B237}.Debug|Any CPU.ActiveCfg = Debug|Any CPU
		{CDFC4954-FFD9-494C-BEB7-AC652716B237}.Debug|Any CPU.Build.0 = Debug|Any CPU
		{CDFC4954-FFD9-494C-BEB7-AC652716B237}.Release|Any CPU.ActiveCfg = Release|Any CPU
		{CDFC4954-FFD9-494C-BEB7-AC652716B237}.Release|Any CPU.Build.0 = Release|Any CPU
		{A0BC934E-B635-4112-A273-660672F4DBA0}.Debug|Any CPU.ActiveCfg = Debug|Any CPU
		{A0BC934E-B635-4112-A273-660672F4DBA0}.Debug|Any CPU.Build.0 = Debug|Any CPU
		{A0BC934E-B635-4112-A273-660672F4DBA0}.Release|Any CPU.ActiveCfg = Release|Any CPU
		{A0BC934E-B635-4112-A273-660672F4DBA0}.Release|Any CPU.Build.0 = Release|Any CPU
		{A0DA25D5-2D0C-4906-984A-0DD7663F68D6}.Debug|Any CPU.ActiveCfg = Debug|Any CPU
		{A0DA25D5-2D0C-4906-984A-0DD7663F68D6}.Debug|Any CPU.Build.0 = Debug|Any CPU
		{A0DA25D5-2D0C-4906-984A-0DD7663F68D6}.Debug|Any CPU.Deploy.0 = Debug|Any CPU
		{A0DA25D5-2D0C-4906-984A-0DD7663F68D6}.Release|Any CPU.ActiveCfg = Release|Any CPU
		{A0DA25D5-2D0C-4906-984A-0DD7663F68D6}.Release|Any CPU.Build.0 = Release|Any CPU
		{A0DA25D5-2D0C-4906-984A-0DD7663F68D6}.Release|Any CPU.Deploy.0 = Release|Any CPU
		{909EE4F1-A85C-4094-A622-94C4E56E227B}.Debug|Any CPU.ActiveCfg = Debug|Any CPU
		{909EE4F1-A85C-4094-A622-94C4E56E227B}.Debug|Any CPU.Build.0 = Debug|Any CPU
		{909EE4F1-A85C-4094-A622-94C4E56E227B}.Release|Any CPU.ActiveCfg = Release|Any CPU
		{909EE4F1-A85C-4094-A622-94C4E56E227B}.Release|Any CPU.Build.0 = Release|Any CPU
		{BC2C8CA4-EC68-4C65-974E-EDDA3AD6748E}.Debug|Any CPU.ActiveCfg = Debug|Any CPU
		{BC2C8CA4-EC68-4C65-974E-EDDA3AD6748E}.Debug|Any CPU.Build.0 = Debug|Any CPU
		{BC2C8CA4-EC68-4C65-974E-EDDA3AD6748E}.Release|Any CPU.ActiveCfg = Release|Any CPU
		{BC2C8CA4-EC68-4C65-974E-EDDA3AD6748E}.Release|Any CPU.Build.0 = Release|Any CPU
		{965BC932-0482-4C04-A225-BCA6B936984E}.Debug|Any CPU.ActiveCfg = Debug|Any CPU
		{965BC932-0482-4C04-A225-BCA6B936984E}.Debug|Any CPU.Build.0 = Debug|Any CPU
		{965BC932-0482-4C04-A225-BCA6B936984E}.Release|Any CPU.ActiveCfg = Release|Any CPU
		{965BC932-0482-4C04-A225-BCA6B936984E}.Release|Any CPU.Build.0 = Release|Any CPU
		{AD0B3B3A-D5DD-4795-B567-780F88E2FB42}.Debug|Any CPU.ActiveCfg = Debug|Any CPU
		{AD0B3B3A-D5DD-4795-B567-780F88E2FB42}.Debug|Any CPU.Build.0 = Debug|Any CPU
		{AD0B3B3A-D5DD-4795-B567-780F88E2FB42}.Release|Any CPU.ActiveCfg = Release|Any CPU
		{AD0B3B3A-D5DD-4795-B567-780F88E2FB42}.Release|Any CPU.Build.0 = Release|Any CPU
		{752E8BEF-BC56-4755-9F61-D5989F73A126}.Debug|Any CPU.ActiveCfg = Debug|Any CPU
		{752E8BEF-BC56-4755-9F61-D5989F73A126}.Debug|Any CPU.Build.0 = Debug|Any CPU
		{752E8BEF-BC56-4755-9F61-D5989F73A126}.Release|Any CPU.ActiveCfg = Release|Any CPU
		{752E8BEF-BC56-4755-9F61-D5989F73A126}.Release|Any CPU.Build.0 = Release|Any CPU
		{491855B7-BCE9-45C3-BDB2-FF96B546DB93}.Debug|Any CPU.ActiveCfg = Debug|Any CPU
		{491855B7-BCE9-45C3-BDB2-FF96B546DB93}.Debug|Any CPU.Build.0 = Debug|Any CPU
		{491855B7-BCE9-45C3-BDB2-FF96B546DB93}.Release|Any CPU.ActiveCfg = Release|Any CPU
		{491855B7-BCE9-45C3-BDB2-FF96B546DB93}.Release|Any CPU.Build.0 = Release|Any CPU
		{93170010-5AC6-43EC-96B5-0E5DE53B8838}.Debug|Any CPU.ActiveCfg = Debug|Any CPU
		{93170010-5AC6-43EC-96B5-0E5DE53B8838}.Debug|Any CPU.Build.0 = Debug|Any CPU
		{93170010-5AC6-43EC-96B5-0E5DE53B8838}.Release|Any CPU.ActiveCfg = Release|Any CPU
		{93170010-5AC6-43EC-96B5-0E5DE53B8838}.Release|Any CPU.Build.0 = Release|Any CPU
		{CFCD65F5-00AB-455B-B4D5-61BF812303C2}.Debug|Any CPU.ActiveCfg = Debug|Any CPU
		{CFCD65F5-00AB-455B-B4D5-61BF812303C2}.Debug|Any CPU.Build.0 = Debug|Any CPU
		{CFCD65F5-00AB-455B-B4D5-61BF812303C2}.Release|Any CPU.ActiveCfg = Release|Any CPU
		{CFCD65F5-00AB-455B-B4D5-61BF812303C2}.Release|Any CPU.Build.0 = Release|Any CPU
		{0D7F40AF-38A6-471D-B382-9625D5465C01}.Debug|Any CPU.ActiveCfg = Debug|Any CPU
		{0D7F40AF-38A6-471D-B382-9625D5465C01}.Debug|Any CPU.Build.0 = Debug|Any CPU
		{0D7F40AF-38A6-471D-B382-9625D5465C01}.Release|Any CPU.ActiveCfg = Release|Any CPU
		{0D7F40AF-38A6-471D-B382-9625D5465C01}.Release|Any CPU.Build.0 = Release|Any CPU
		{D9B816BB-8F66-4DDD-9D8E-DDC3159941E6}.Debug|Any CPU.ActiveCfg = Debug|Any CPU
		{D9B816BB-8F66-4DDD-9D8E-DDC3159941E6}.Debug|Any CPU.Build.0 = Debug|Any CPU
		{D9B816BB-8F66-4DDD-9D8E-DDC3159941E6}.Release|Any CPU.ActiveCfg = Release|Any CPU
		{D9B816BB-8F66-4DDD-9D8E-DDC3159941E6}.Release|Any CPU.Build.0 = Release|Any CPU
		{B0BB4769-7F2B-461F-88E9-4FC1FDB6229A}.Debug|Any CPU.ActiveCfg = Debug|Any CPU
		{B0BB4769-7F2B-461F-88E9-4FC1FDB6229A}.Debug|Any CPU.Build.0 = Debug|Any CPU
		{B0BB4769-7F2B-461F-88E9-4FC1FDB6229A}.Release|Any CPU.ActiveCfg = Release|Any CPU
		{B0BB4769-7F2B-461F-88E9-4FC1FDB6229A}.Release|Any CPU.Build.0 = Release|Any CPU
		{55A250F3-9295-4BAE-872C-E70635E446A4}.Debug|Any CPU.ActiveCfg = Debug|Any CPU
		{55A250F3-9295-4BAE-872C-E70635E446A4}.Debug|Any CPU.Build.0 = Debug|Any CPU
		{55A250F3-9295-4BAE-872C-E70635E446A4}.Debug|Any CPU.Deploy.0 = Debug|Any CPU
		{55A250F3-9295-4BAE-872C-E70635E446A4}.Release|Any CPU.ActiveCfg = Release|Any CPU
		{55A250F3-9295-4BAE-872C-E70635E446A4}.Release|Any CPU.Build.0 = Release|Any CPU
		{55A250F3-9295-4BAE-872C-E70635E446A4}.Release|Any CPU.Deploy.0 = Release|Any CPU
		{3645AEEE-54C2-4BA4-B1A5-501FFD01EE48}.Debug|Any CPU.ActiveCfg = Debug|Any CPU
		{3645AEEE-54C2-4BA4-B1A5-501FFD01EE48}.Debug|Any CPU.Build.0 = Debug|Any CPU
		{3645AEEE-54C2-4BA4-B1A5-501FFD01EE48}.Debug|Any CPU.Deploy.0 = Debug|Any CPU
		{3645AEEE-54C2-4BA4-B1A5-501FFD01EE48}.Release|Any CPU.ActiveCfg = Release|Any CPU
		{3645AEEE-54C2-4BA4-B1A5-501FFD01EE48}.Release|Any CPU.Build.0 = Release|Any CPU
		{3645AEEE-54C2-4BA4-B1A5-501FFD01EE48}.Release|Any CPU.Deploy.0 = Release|Any CPU
		{1B11D466-269F-45C0-AFA3-A446632B1E17}.Debug|Any CPU.ActiveCfg = Debug|Any CPU
		{1B11D466-269F-45C0-AFA3-A446632B1E17}.Debug|Any CPU.Build.0 = Debug|Any CPU
		{1B11D466-269F-45C0-AFA3-A446632B1E17}.Debug|Any CPU.Deploy.0 = Debug|Any CPU
		{1B11D466-269F-45C0-AFA3-A446632B1E17}.Release|Any CPU.ActiveCfg = Release|Any CPU
		{1B11D466-269F-45C0-AFA3-A446632B1E17}.Release|Any CPU.Build.0 = Release|Any CPU
		{1B11D466-269F-45C0-AFA3-A446632B1E17}.Release|Any CPU.Deploy.0 = Release|Any CPU
		{534F0073-6C37-4108-8647-EB3066CACFC9}.Debug|Any CPU.ActiveCfg = Debug|Any CPU
		{534F0073-6C37-4108-8647-EB3066CACFC9}.Debug|Any CPU.Build.0 = Debug|Any CPU
		{534F0073-6C37-4108-8647-EB3066CACFC9}.Debug|Any CPU.Deploy.0 = Debug|Any CPU
		{534F0073-6C37-4108-8647-EB3066CACFC9}.Release|Any CPU.ActiveCfg = Release|Any CPU
		{534F0073-6C37-4108-8647-EB3066CACFC9}.Release|Any CPU.Build.0 = Release|Any CPU
		{534F0073-6C37-4108-8647-EB3066CACFC9}.Release|Any CPU.Deploy.0 = Release|Any CPU
	EndGlobalSection
	GlobalSection(SolutionProperties) = preSolution
		HideSolutionNode = FALSE
	EndGlobalSection
	GlobalSection(NestedProjects) = preSolution
		{E5029AA3-5D1C-4E51-A9D9-9FB9749EE875} = {72273B49-5BB6-4872-B339-936C29197685}
		{C2DB8AC5-F1C0-4350-9887-FB13FE31FC73} = {72273B49-5BB6-4872-B339-936C29197685}
		{465FAFA4-B92C-415E-8882-E585AC7216D1} = {B208ED00-6F49-4035-9D62-33853C8C1E9B}
		{2BC8A6A0-24B7-4C25-B672-0CAF1872CDE4} = {28DB75EC-1F3E-43F5-A50C-0FE7AE584FA3}
		{2EB4ECDD-1C34-4B97-BA91-A63DB656536B} = {28DB75EC-1F3E-43F5-A50C-0FE7AE584FA3}
		{5022F945-78E1-4198-B38F-DDFD3CA0D584} = {C84040E4-44F2-4B89-B441-67A9A5ED2DC1}
		{D0FD9771-23A3-4656-838C-24ACDF31C271} = {C84040E4-44F2-4B89-B441-67A9A5ED2DC1}
		{149063E5-92FD-48BC-ABC9-4B4C93DC9515} = {C84040E4-44F2-4B89-B441-67A9A5ED2DC1}
		{CDFC4954-FFD9-494C-BEB7-AC652716B237} = {C84040E4-44F2-4B89-B441-67A9A5ED2DC1}
		{A0BC934E-B635-4112-A273-660672F4DBA0} = {C84040E4-44F2-4B89-B441-67A9A5ED2DC1}
		{A0DA25D5-2D0C-4906-984A-0DD7663F68D6} = {AE759A5D-7C40-4BE9-9D4E-B34273828553}
		{909EE4F1-A85C-4094-A622-94C4E56E227B} = {873AEA76-0665-45ED-BD66-F7ACA9327720}
		{BC2C8CA4-EC68-4C65-974E-EDDA3AD6748E} = {AE759A5D-7C40-4BE9-9D4E-B34273828553}
		{965BC932-0482-4C04-A225-BCA6B936984E} = {AE759A5D-7C40-4BE9-9D4E-B34273828553}
		{AD0B3B3A-D5DD-4795-B567-780F88E2FB42} = {AE759A5D-7C40-4BE9-9D4E-B34273828553}
		{752E8BEF-BC56-4755-9F61-D5989F73A126} = {B208ED00-6F49-4035-9D62-33853C8C1E9B}
		{491855B7-BCE9-45C3-BDB2-FF96B546DB93} = {72273B49-5BB6-4872-B339-936C29197685}
		{93170010-5AC6-43EC-96B5-0E5DE53B8838} = {72273B49-5BB6-4872-B339-936C29197685}
		{13AB582C-45A9-4D66-90B4-16DFFF640FB5} = {72273B49-5BB6-4872-B339-936C29197685}
		{CFCD65F5-00AB-455B-B4D5-61BF812303C2} = {13AB582C-45A9-4D66-90B4-16DFFF640FB5}
		{0D7F40AF-38A6-471D-B382-9625D5465C01} = {13AB582C-45A9-4D66-90B4-16DFFF640FB5}
		{D9B816BB-8F66-4DDD-9D8E-DDC3159941E6} = {28DB75EC-1F3E-43F5-A50C-0FE7AE584FA3}
		{B0BB4769-7F2B-461F-88E9-4FC1FDB6229A} = {28DB75EC-1F3E-43F5-A50C-0FE7AE584FA3}
		{55A250F3-9295-4BAE-872C-E70635E446A4} = {AE759A5D-7C40-4BE9-9D4E-B34273828553}
		{3645AEEE-54C2-4BA4-B1A5-501FFD01EE48} = {AE759A5D-7C40-4BE9-9D4E-B34273828553}
		{1B11D466-269F-45C0-AFA3-A446632B1E17} = {AE759A5D-7C40-4BE9-9D4E-B34273828553}
		{534F0073-6C37-4108-8647-EB3066CACFC9} = {AE759A5D-7C40-4BE9-9D4E-B34273828553}
	EndGlobalSection
EndGlobal
